
Microsoft Visual Studio Solution File, Format Version 12.00
# Visual Studio Version 17
VisualStudioVersion = 17.1.32210.238
MinimumVisualStudioVersion = 10.0.40219.1
Project("{9A19103F-16F7-4668-BE54-9A1E7A4F7556}") = "Common", "Common\Common.csproj", "{440B9409-CD87-4FC1-8AB1-59FFE5839F01}"
EndProject
Project("{FAE04EC0-301F-11D3-BF4B-00C04F79EFBC}") = "Application", "Application\Application.csproj", "{759373A2-F888-4FA3-9C9C-0B48DCB692AA}"
EndProject
Project("{FAE04EC0-301F-11D3-BF4B-00C04F79EFBC}") = "Domain", "Domain\Domain.csproj", "{2A96CBCF-4D73-470D-A0AB-B403E4FCA8E8}"
EndProject
Project("{FAE04EC0-301F-11D3-BF4B-00C04F79EFBC}") = "Infrastructure", "Infrastructure\Infrastructure.csproj", "{3ABFB779-7DC5-4A8A-9DA5-D890C5D7D69A}"
EndProject
Global
	GlobalSection(SolutionConfigurationPlatforms) = preSolution
		Debug|Any CPU = Debug|Any CPU
		Release|Any CPU = Release|Any CPU
	EndGlobalSection
	GlobalSection(ProjectConfigurationPlatforms) = postSolution
		{440B9409-CD87-4FC1-8AB1-59FFE5839F01}.Debug|Any CPU.ActiveCfg = Debug|Any CPU
		{440B9409-CD87-4FC1-8AB1-59FFE5839F01}.Debug|Any CPU.Build.0 = Debug|Any CPU
		{440B9409-CD87-4FC1-8AB1-59FFE5839F01}.Release|Any CPU.ActiveCfg = Release|Any CPU
		{440B9409-CD87-4FC1-8AB1-59FFE5839F01}.Release|Any CPU.Build.0 = Release|Any CPU
		{759373A2-F888-4FA3-9C9C-0B48DCB692AA}.Debug|Any CPU.ActiveCfg = Debug|Any CPU
		{759373A2-F888-4FA3-9C9C-0B48DCB692AA}.Debug|Any CPU.Build.0 = Debug|Any CPU
		{759373A2-F888-4FA3-9C9C-0B48DCB692AA}.Release|Any CPU.ActiveCfg = Release|Any CPU
		{759373A2-F888-4FA3-9C9C-0B48DCB692AA}.Release|Any CPU.Build.0 = Release|Any CPU
		{2A96CBCF-4D73-470D-A0AB-B403E4FCA8E8}.Debug|Any CPU.ActiveCfg = Debug|Any CPU
		{2A96CBCF-4D73-470D-A0AB-B403E4FCA8E8}.Debug|Any CPU.Build.0 = Debug|Any CPU
		{2A96CBCF-4D73-470D-A0AB-B403E4FCA8E8}.Release|Any CPU.ActiveCfg = Release|Any CPU
		{2A96CBCF-4D73-470D-A0AB-B403E4FCA8E8}.Release|Any CPU.Build.0 = Release|Any CPU
		{3ABFB779-7DC5-4A8A-9DA5-D890C5D7D69A}.Debug|Any CPU.ActiveCfg = Debug|Any CPU
		{3ABFB779-7DC5-4A8A-9DA5-D890C5D7D69A}.Debug|Any CPU.Build.0 = Debug|Any CPU
		{3ABFB779-7DC5-4A8A-9DA5-D890C5D7D69A}.Release|Any CPU.ActiveCfg = Release|Any CPU
		{3ABFB779-7DC5-4A8A-9DA5-D890C5D7D69A}.Release|Any CPU.Build.0 = Release|Any CPU
	EndGlobalSection
	GlobalSection(SolutionProperties) = preSolution
		HideSolutionNode = FALSE
	EndGlobalSection
	GlobalSection(ExtensibilityGlobals) = postSolution
		SolutionGuid = {9EE0DD43-2470-4BC5-8528-7499E167CAB1}
	EndGlobalSection
EndGlobal
